
Microsoft Visual Studio Solution File, Format Version 12.00
# Visual Studio Version 16
VisualStudioVersion = 16.0.31624.102
MinimumVisualStudioVersion = 10.0.40219.1
Project("{FAE04EC0-301F-11D3-BF4B-00C04F79EFBC}") = "WebApplicationMVC", "WebApplicationMVC\WebApplicationMVC.csproj", "{F57DDC50-FEE4-4666-A3BC-74835CFDA8A7}"
EndProject
Global
	GlobalSection(SolutionConfigurationPlatforms) = preSolution
		Debug|Any CPU = Debug|Any CPU
		Release|Any CPU = Release|Any CPU
	EndGlobalSection
	GlobalSection(ProjectConfigurationPlatforms) = postSolution
		{F57DDC50-FEE4-4666-A3BC-74835CFDA8A7}.Debug|Any CPU.ActiveCfg = Debug|Any CPU
		{F57DDC50-FEE4-4666-A3BC-74835CFDA8A7}.Debug|Any CPU.Build.0 = Debug|Any CPU
		{F57DDC50-FEE4-4666-A3BC-74835CFDA8A7}.Release|Any CPU.ActiveCfg = Release|Any CPU
		{F57DDC50-FEE4-4666-A3BC-74835CFDA8A7}.Release|Any CPU.Build.0 = Release|Any CPU
	EndGlobalSection
	GlobalSection(SolutionProperties) = preSolution
		HideSolutionNode = FALSE
	EndGlobalSection
	GlobalSection(ExtensibilityGlobals) = postSolution
		SolutionGuid = {C65CE2D7-49F8-45B2-8DF6-D9F8F1480048}
	EndGlobalSection
EndGlobal
